
Microsoft Visual Studio Solution File, Format Version 12.00
# Visual Studio Version 16
VisualStudioVersion = 16.0.30002.166
MinimumVisualStudioVersion = 10.0.40219.1
Project("{FAE04EC0-301F-11D3-BF4B-00C04F79EFBC}") = "KleuterWebsite", "KleuterWebsite.csproj", "{37D8B785-6E20-4AF2-9360-3F55911DCB54}"
EndProject
Project("{9A19103F-16F7-4668-BE54-9A1E7A4F7556}") = "KleuterDataAccess", "..\KleuterDataAccess\KleuterDataAccess.csproj", "{5C940DA4-A53E-4326-89C1-194D474F1C56}"
EndProject
Project("{9A19103F-16F7-4668-BE54-9A1E7A4F7556}") = "DataAccessInterfaces", "..\DataAccessInterfaces\DataAccessInterfaces.csproj", "{7E39EF61-DA82-4DDF-861D-C74268C93A47}"
EndProject
Project("{9A19103F-16F7-4668-BE54-9A1E7A4F7556}") = "KleuterLogic", "..\KleuterLogic\KleuterLogic.csproj", "{A64434EE-44E4-4B03-A6ED-B65A9A65DABA}"
EndProject
Project("{9A19103F-16F7-4668-BE54-9A1E7A4F7556}") = "LogicInterfaces", "..\LogicInterfaces\LogicInterfaces.csproj", "{9A407B56-947E-4206-843F-38B41D5B1D06}"
EndProject
Project("{FAE04EC0-301F-11D3-BF4B-00C04F79EFBC}") = "Factories", "..\Factories\Factories.csproj", "{37FA10AA-A9C0-4085-BC64-D86643AD2CC4}"
EndProject
Project("{FAE04EC0-301F-11D3-BF4B-00C04F79EFBC}") = "KleuterTesting", "..\KleuterTesting\KleuterTesting.csproj", "{539ED531-B4A6-43A5-BA67-8316A789C577}"
EndProject
Global
	GlobalSection(SolutionConfigurationPlatforms) = preSolution
		Debug|Any CPU = Debug|Any CPU
		Release|Any CPU = Release|Any CPU
	EndGlobalSection
	GlobalSection(ProjectConfigurationPlatforms) = postSolution
		{37D8B785-6E20-4AF2-9360-3F55911DCB54}.Debug|Any CPU.ActiveCfg = Debug|Any CPU
		{37D8B785-6E20-4AF2-9360-3F55911DCB54}.Debug|Any CPU.Build.0 = Debug|Any CPU
		{37D8B785-6E20-4AF2-9360-3F55911DCB54}.Release|Any CPU.ActiveCfg = Release|Any CPU
		{37D8B785-6E20-4AF2-9360-3F55911DCB54}.Release|Any CPU.Build.0 = Release|Any CPU
		{5C940DA4-A53E-4326-89C1-194D474F1C56}.Debug|Any CPU.ActiveCfg = Debug|Any CPU
		{5C940DA4-A53E-4326-89C1-194D474F1C56}.Debug|Any CPU.Build.0 = Debug|Any CPU
		{5C940DA4-A53E-4326-89C1-194D474F1C56}.Release|Any CPU.ActiveCfg = Release|Any CPU
		{5C940DA4-A53E-4326-89C1-194D474F1C56}.Release|Any CPU.Build.0 = Release|Any CPU
		{7E39EF61-DA82-4DDF-861D-C74268C93A47}.Debug|Any CPU.ActiveCfg = Debug|Any CPU
		{7E39EF61-DA82-4DDF-861D-C74268C93A47}.Debug|Any CPU.Build.0 = Debug|Any CPU
		{7E39EF61-DA82-4DDF-861D-C74268C93A47}.Release|Any CPU.ActiveCfg = Release|Any CPU
		{7E39EF61-DA82-4DDF-861D-C74268C93A47}.Release|Any CPU.Build.0 = Release|Any CPU
		{A64434EE-44E4-4B03-A6ED-B65A9A65DABA}.Debug|Any CPU.ActiveCfg = Debug|Any CPU
		{A64434EE-44E4-4B03-A6ED-B65A9A65DABA}.Debug|Any CPU.Build.0 = Debug|Any CPU
		{A64434EE-44E4-4B03-A6ED-B65A9A65DABA}.Release|Any CPU.ActiveCfg = Release|Any CPU
		{A64434EE-44E4-4B03-A6ED-B65A9A65DABA}.Release|Any CPU.Build.0 = Release|Any CPU
		{9A407B56-947E-4206-843F-38B41D5B1D06}.Debug|Any CPU.ActiveCfg = Debug|Any CPU
		{9A407B56-947E-4206-843F-38B41D5B1D06}.Debug|Any CPU.Build.0 = Debug|Any CPU
		{9A407B56-947E-4206-843F-38B41D5B1D06}.Release|Any CPU.ActiveCfg = Release|Any CPU
		{9A407B56-947E-4206-843F-38B41D5B1D06}.Release|Any CPU.Build.0 = Release|Any CPU
		{37FA10AA-A9C0-4085-BC64-D86643AD2CC4}.Debug|Any CPU.ActiveCfg = Debug|Any CPU
		{37FA10AA-A9C0-4085-BC64-D86643AD2CC4}.Debug|Any CPU.Build.0 = Debug|Any CPU
		{37FA10AA-A9C0-4085-BC64-D86643AD2CC4}.Release|Any CPU.ActiveCfg = Release|Any CPU
		{37FA10AA-A9C0-4085-BC64-D86643AD2CC4}.Release|Any CPU.Build.0 = Release|Any CPU
		{539ED531-B4A6-43A5-BA67-8316A789C577}.Debug|Any CPU.ActiveCfg = Debug|Any CPU
		{539ED531-B4A6-43A5-BA67-8316A789C577}.Debug|Any CPU.Build.0 = Debug|Any CPU
		{539ED531-B4A6-43A5-BA67-8316A789C577}.Release|Any CPU.ActiveCfg = Release|Any CPU
		{539ED531-B4A6-43A5-BA67-8316A789C577}.Release|Any CPU.Build.0 = Release|Any CPU
	EndGlobalSection
	GlobalSection(SolutionProperties) = preSolution
		HideSolutionNode = FALSE
	EndGlobalSection
	GlobalSection(ExtensibilityGlobals) = postSolution
		SolutionGuid = {0C5B3439-9734-4620-B30D-E9B8DCE241F2}
	EndGlobalSection
EndGlobal
